{
  "version": "2",
  "remote": {
    "https://deno.land/std@0.174.0/_util/asserts.ts": "178dfc49a464aee693a7e285567b3d0b555dc805ff490505a8aae34f9cfb1462",
    "https://deno.land/std@0.174.0/_util/os.ts": "d932f56d41e4f6a6093d56044e29ce637f8dcc43c5a90af43504a889cf1775e3",
    "https://deno.land/std@0.174.0/encoding/base64.ts": "7de04c2f8aeeb41453b09b186480be90f2ff357613b988e99fabb91d2eeceba1",
    "https://deno.land/std@0.174.0/media_types/_db.ts": "7606d83e31f23ce1a7968cbaee852810c2cf477903a095696cdc62eaab7ce570",
    "https://deno.land/std@0.174.0/media_types/_util.ts": "916efbd30b6148a716f110e67a4db29d6949bf4048997b754415dd7e42c52378",
    "https://deno.land/std@0.174.0/media_types/content_type.ts": "c682589a0aeb016bfed355cc1ed6fbb3ead2ea48fc0000ac5de6a5730613ad1c",
    "https://deno.land/std@0.174.0/media_types/extension.ts": "7a4ef2813d7182f724a941f38161525996e4a67abc3cf6a0f9bc2168d73a0f0e",
    "https://deno.land/std@0.174.0/media_types/extensions_by_type.ts": "4358023feac696e6e9d49c0f1e76a859f03ca254df57812f31f8536890c3a443",
    "https://deno.land/std@0.174.0/media_types/format_media_type.ts": "1e35e16562e5c417401ffc388a9f8f421f97f0ee06259cbe990c51bae4e6c7a8",
    "https://deno.land/std@0.174.0/media_types/get_charset.ts": "8be15a1fd31a545736b91ace56d0e4c66ea0d7b3fdc5c90760e8202e7b4b1fad",
    "https://deno.land/std@0.174.0/media_types/mod.ts": "d3f0b99f85053bc0b98ecc24eaa3546dfa09b856dc0bbaf60d8956d2cdd710c8",
    "https://deno.land/std@0.174.0/media_types/parse_media_type.ts": "bed260d868ea271445ae41d748e7afed9b5a7f407d2777ead08cecf73e9278de",
    "https://deno.land/std@0.174.0/media_types/type_by_extension.ts": "6076a7fc63181d70f92ec582fdea2c927eb2cfc7f9c9bee9d6add2aca86f2355",
    "https://deno.land/std@0.174.0/media_types/vendor/mime-db.v1.52.0.ts": "6925bbcae81ca37241e3f55908d0505724358cda3384eaea707773b2c7e99586",
    "https://deno.land/std@0.174.0/path/_constants.ts": "e49961f6f4f48039c0dfed3c3f93e963ca3d92791c9d478ac5b43183413136e0",
    "https://deno.land/std@0.174.0/path/_interface.ts": "6471159dfbbc357e03882c2266d21ef9afdb1e4aa771b0545e90db58a0ba314b",
    "https://deno.land/std@0.174.0/path/_util.ts": "86c2375a996c1931b2f2ac71fefd5ddf0cf0e579fa4ab12d3e4c552d4223b8d8",
    "https://deno.land/std@0.174.0/path/common.ts": "ee7505ab01fd22de3963b64e46cff31f40de34f9f8de1fff6a1bd2fe79380000",
    "https://deno.land/std@0.174.0/path/glob.ts": "d479e0a695621c94d3fd7fe7abd4f9499caf32a8de13f25073451c6ef420a4e1",
    "https://deno.land/std@0.174.0/path/mod.ts": "4b83694ac500d7d31b0cdafc927080a53dc0c3027eb2895790fb155082b0d232",
    "https://deno.land/std@0.174.0/path/posix.ts": "0874b341c2c6968ca38d323338b8b295ea1dae10fa872a768d812e2e7d634789",
    "https://deno.land/std@0.174.0/path/separator.ts": "0fb679739d0d1d7bf45b68dacfb4ec7563597a902edbaf3c59b50d5bcadd93b1",
    "https://deno.land/std@0.174.0/path/win32.ts": "672942919dd66ce1b8c224e77d3447e2ad8254eaff13fe6946420a9f78fa141e",
    "https://deno.land/x/peko@2.0.0/lib/Router.ts": "9865f38c5aee66953ffa307490c07fa186fcf9d9d8d5c6bf8f0bc3460768db35",
    "https://deno.land/x/peko@2.0.0/lib/handlers/sse.ts": "421f18219d5b781207a13500efab1212339be5652ac84edbeeeb21190ad84857",
    "https://deno.land/x/peko@2.0.0/lib/handlers/ssr.ts": "454e12d0af9b1141af6f36c3543525acbcdf26d425f3b159b9363288a35da0ca",
    "https://deno.land/x/peko@2.0.0/lib/handlers/static.ts": "8a759674bdf29f0da8ac2a322d2864d188b28d7201e57631f55bfcfba3707833",
    "https://deno.land/x/peko@2.0.0/lib/middleware/authenticator.ts": "1566b20fe7b86450f72f5cd936f4bdbbb7580474cef2578ff7b53921ebc0a244",
    "https://deno.land/x/peko@2.0.0/lib/middleware/cacher.ts": "98b4160d200b90e3a23873cab12003d61cf722cdddcc2b6b86b5455c83ec7c56",
    "https://deno.land/x/peko@2.0.0/lib/middleware/logger.ts": "fd66d2294cddfe1e50051ad9a45a6a2351a55a84cf8ccd665475468a9fab61f7",
    "https://deno.land/x/peko@2.0.0/lib/types.ts": "aba8da0ed010f198cf817ef346782814db6cf97acdb4eac4009284b0f1123ae3",
    "https://deno.land/x/peko@2.0.0/lib/utils/Cascade.ts": "86e3ce80c67f76e554da1f2dc4439017d2fd744710b1c2fbbde5cd106d4eaf96",
    "https://deno.land/x/peko@2.0.0/lib/utils/Crypto.ts": "84236d0d774fa488c5b47e12f21e3f717a484148bafcd3d7def9a9ce5f2dd6fa",
    "https://deno.land/x/peko@2.0.0/lib/utils/ResponseCache.ts": "18f3b4d10472b27bf0f06746af5a37ff623bbed164509fc28e95ff17852ef815",
    "https://deno.land/x/peko@2.0.0/lib/utils/helpers.ts": "fdcb9db4f7c2a9cd1f3b2a5350ad83cb7a08273c9ec2eb6cbac59a05fc8aaa53",
    "https://deno.land/x/peko@2.0.0/mod.ts": "21899e3ad3d48194faea997a3592c23dcc8d55aa9a9294b1c360f2b2c8147927",
    "https://esm.sh/htm@3.1.1": "9bfcf90a678ddf08d89a597d6d3340a80813fa888a5304c256e57802d44846d7",
    "https://esm.sh/react-dom@18.2.0/server": "4ad05408f3e06bcdc08036880abe01232f9fb9200a03491b7097d922036feb13",
    "https://esm.sh/react@18.2.0": "84aa07282d2f3c843f7d56daeae0be41ceae768391c4418f7358dd64e8fe4eca",
    "https://esm.sh/stable/react@18.2.0/deno/react.js": "99f4a29109464569449be1002a828827c6dc9d7a386d28da012c29ba4cc88abd",
    "https://esm.sh/v111/htm@3.1.1/deno/htm.js": "10ff4fdb79ce3c4c7cf47577410d71162d14b14f579037d42d20bfdd6512cdd7",
    "https://esm.sh/v111/react-dom@18.2.0/deno/server.js": "856a38f0fc1dd4c3c2a3432d88fbaf29da15eef3155c0cb8ea8de1febe13b197"
  }
}
